
Microsoft Visual Studio Solution File, Format Version 12.00
# Visual Studio Version 16
VisualStudioVersion = 16.0.31613.86
MinimumVisualStudioVersion = 10.0.40219.1
Project("{FAE04EC0-301F-11D3-BF4B-00C04F79EFBC}") = "PatchedTOAuth", "PatchedTOAuth\PatchedTOAuth.csproj", "{76154510-6F48-4B86-8247-2DDBD0D249D7}"
EndProject
Global
	GlobalSection(SolutionConfigurationPlatforms) = preSolution
		Debug|Any CPU = Debug|Any CPU
		Release|Any CPU = Release|Any CPU
	EndGlobalSection
	GlobalSection(ProjectConfigurationPlatforms) = postSolution
		{76154510-6F48-4B86-8247-2DDBD0D249D7}.Debug|Any CPU.ActiveCfg = Debug|Any CPU
		{76154510-6F48-4B86-8247-2DDBD0D249D7}.Debug|Any CPU.Build.0 = Debug|Any CPU
		{76154510-6F48-4B86-8247-2DDBD0D249D7}.Release|Any CPU.ActiveCfg = Release|Any CPU
		{76154510-6F48-4B86-8247-2DDBD0D249D7}.Release|Any CPU.Build.0 = Release|Any CPU
	EndGlobalSection
	GlobalSection(SolutionProperties) = preSolution
		HideSolutionNode = FALSE
	EndGlobalSection
	GlobalSection(ExtensibilityGlobals) = postSolution
		SolutionGuid = {377824E2-EA67-45CC-A4E2-0D085B871744}
	EndGlobalSection
EndGlobal
